github.com/davecgh/go-spew v1.1.1 h1:vj9j/u1bqnvCEfJOwUhtlOARqs3+rkHYY13jYWTU97c=
github.com/davecgh/go-spew v1.1.1/go.mod h1:J7Y8YcW2NihsgmVo/mv3lAwl/skON4iLHjSsI+c5H38=
github.com/shamaton/msgpack/v2 v2.1.1 h1:gAMxOtVJz93R0EwewwUc8tx30n34aV6BzJuwHE8ogAk=
github.com/shamaton/msgpack/v2 v2.1.1/go.mod h1:aTUEmh31ziGX1Ml7wMPLVY0f4vT3CRsCvZRoSCs+VGg=
